// !$*UTF8*$!
{
	archiveVersion = 1;
	classes = {
	};
	objectVersion = 55;
	objects = {

/* Begin PBXBuildFile section */
		11624DB527BD794500548048 /* Post.swift in Sources */ = {isa = PBXBuildFile; fileRef = 11624DB427BD794400548048 /* Post.swift */; };
		11624DB727BD8A4300548048 /* InfoViewController.swift in Sources */ = {isa = PBXBuildFile; fileRef = 11624DB627BD8A4300548048 /* InfoViewController.swift */; };
		11624DBA27C2B55B00548048 /* ProfileHeaderView.swift in Sources */ = {isa = PBXBuildFile; fileRef = 11624DB927C2B55B00548048 /* ProfileHeaderView.swift */; };
		11B06D5827CC3DFC0087248B /* LogInViewController.swift in Sources */ = {isa = PBXBuildFile; fileRef = 11B06D5727CC3DFC0087248B /* LogInViewController.swift */; };
		11B06D5A27CD405C0087248B /* MainSettings.swift in Sources */ = {isa = PBXBuildFile; fileRef = 11B06D5927CD405C0087248B /* MainSettings.swift */; };
		11EC208627BA845500FF048A /* AppDelegate.swift in Sources */ = {isa = PBXBuildFile; fileRef = 11EC208527BA845500FF048A /* AppDelegate.swift */; };
		11EC208A27BA845500FF048A /* ViewController.swift in Sources */ = {isa = PBXBuildFile; fileRef = 11EC208927BA845500FF048A /* ViewController.swift */; };
		11EC208F27BA845900FF048A /* Assets.xcassets in Resources */ = {isa = PBXBuildFile; fileRef = 11EC208E27BA845900FF048A /* Assets.xcassets */; };
		11EC209227BA845900FF048A /* LaunchScreen.storyboard in Resources */ = {isa = PBXBuildFile; fileRef = 11EC209027BA845900FF048A /* LaunchScreen.storyboard */; };
		11EC209A27BAB43100FF048A /* FeedViewController.swift in Sources */ = {isa = PBXBuildFile; fileRef = 11EC209927BAB43100FF048A /* FeedViewController.swift */; };
		11EC209C27BAB44100FF048A /* ProfileViewController.swift in Sources */ = {isa = PBXBuildFile; fileRef = 11EC209B27BAB44100FF048A /* ProfileViewController.swift */; };
		11EC209F27BAC8F800FF048A /* PostViewController.swift in Sources */ = {isa = PBXBuildFile; fileRef = 11EC209E27BAC8F800FF048A /* PostViewController.swift */; };
		11EC20C327BB0B6600FF048A /* SceneDelegate.swift in Sources */ = {isa = PBXBuildFile; fileRef = 11EC20C227BB0B6600FF048A /* SceneDelegate.swift */; };
/* End PBXBuildFile section */

/* Begin PBXFileReference section */
		11624DB427BD794400548048 /* Post.swift */ = {isa = PBXFileReference; lastKnownFileType = sourcecode.swift; path = Post.swift; sourceTree = "<group>"; };
		11624DB627BD8A4300548048 /* InfoViewController.swift */ = {isa = PBXFileReference; lastKnownFileType = sourcecode.swift; path = InfoViewController.swift; sourceTree = "<group>"; };
		11624DB927C2B55B00548048 /* ProfileHeaderView.swift */ = {isa = PBXFileReference; lastKnownFileType = sourcecode.swift; path = ProfileHeaderView.swift; sourceTree = "<group>"; };
		11B06D5727CC3DFC0087248B /* LogInViewController.swift */ = {isa = PBXFileReference; lastKnownFileType = sourcecode.swift; path = LogInViewController.swift; sourceTree = "<group>"; };
		11B06D5927CD405C0087248B /* MainSettings.swift */ = {isa = PBXFileReference; lastKnownFileType = sourcecode.swift; path = MainSettings.swift; sourceTree = "<group>"; };
		11EC208227BA845500FF048A /* NavigationMain.app */ = {isa = PBXFileReference; explicitFileType = wrapper.application; includeInIndex = 0; path = NavigationMain.app; sourceTree = BUILT_PRODUCTS_DIR; };
		11EC208527BA845500FF048A /* AppDelegate.swift */ = {isa = PBXFileReference; lastKnownFileType = sourcecode.swift; path = AppDelegate.swift; sourceTree = "<group>"; };
		11EC208927BA845500FF048A /* ViewController.swift */ = {isa = PBXFileReference; lastKnownFileType = sourcecode.swift; path = ViewController.swift; sourceTree = "<group>"; };
		11EC208E27BA845900FF048A /* Assets.xcassets */ = {isa = PBXFileReference; lastKnownFileType = folder.assetcatalog; path = Assets.xcassets; sourceTree = "<group>"; };
		11EC209127BA845900FF048A /* Base */ = {isa = PBXFileReference; lastKnownFileType = file.storyboard; name = Base; path = Base.lproj/LaunchScreen.storyboard; sourceTree = "<group>"; };
		11EC209327BA845900FF048A /* Info.plist */ = {isa = PBXFileReference; lastKnownFileType = text.plist.xml; path = Info.plist; sourceTree = "<group>"; };
		11EC209927BAB43100FF048A /* FeedViewController.swift */ = {isa = PBXFileReference; lastKnownFileType = sourcecode.swift; path = FeedViewController.swift; sourceTree = "<group>"; };
		11EC209B27BAB44100FF048A /* ProfileViewController.swift */ = {isa = PBXFileReference; lastKnownFileType = sourcecode.swift; path = ProfileViewController.swift; sourceTree = "<group>"; };
		11EC209E27BAC8F800FF048A /* PostViewController.swift */ = {isa = PBXFileReference; lastKnownFileType = sourcecode.swift; path = PostViewController.swift; sourceTree = "<group>"; };
		11EC20C227BB0B6600FF048A /* SceneDelegate.swift */ = {isa = PBXFileReference; fileEncoding = 4; lastKnownFileType = sourcecode.swift; path = SceneDelegate.swift; sourceTree = "<group>"; };
/* End PBXFileReference section */

/* Begin PBXFrameworksBuildPhase section */
		11EC207F27BA845500FF048A /* Frameworks */ = {
			isa = PBXFrameworksBuildPhase;
			buildActionMask = 2147483647;
			files = (
			);
			runOnlyForDeploymentPostprocessing = 0;
		};
/* End PBXFrameworksBuildPhase section */

/* Begin PBXGroup section */
		11624DB827C2B4F700548048 /* Profile */ = {
			isa = PBXGroup;
			children = (
				11EC209B27BAB44100FF048A /* ProfileViewController.swift */,
				11624DB927C2B55B00548048 /* ProfileHeaderView.swift */,
				11B06D5727CC3DFC0087248B /* LogInViewController.swift */,
			);
			path = Profile;
			sourceTree = "<group>";
		};
		11624DC827C3EFCB00548048 /* Feed */ = {
			isa = PBXGroup;
			children = (
				11EC209927BAB43100FF048A /* FeedViewController.swift */,
				11EC209E27BAC8F800FF048A /* PostViewController.swift */,
				11624DB627BD8A4300548048 /* InfoViewController.swift */,
				11624DB427BD794400548048 /* Post.swift */,
			);
			path = Feed;
			sourceTree = "<group>";
		};
		11EC207927BA845500FF048A = {
			isa = PBXGroup;
			children = (
				11EC208427BA845500FF048A /* NavigationMain */,
				11EC208327BA845500FF048A /* Products */,
			);
			sourceTree = "<group>";
		};
		11EC208327BA845500FF048A /* Products */ = {
			isa = PBXGroup;
			children = (
				11EC208227BA845500FF048A /* NavigationMain.app */,
			);
			name = Products;
			sourceTree = "<group>";
		};
		11EC208427BA845500FF048A /* NavigationMain */ = {
			isa = PBXGroup;
			children = (
				11B06D5927CD405C0087248B /* MainSettings.swift */,
				11EC20C227BB0B6600FF048A /* SceneDelegate.swift */,
				11624DC827C3EFCB00548048 /* Feed */,
				11624DB827C2B4F700548048 /* Profile */,
				11EC208E27BA845900FF048A /* Assets.xcassets */,
				11EC209327BA845900FF048A /* Info.plist */,
				11EC208527BA845500FF048A /* AppDelegate.swift */,
				11EC208927BA845500FF048A /* ViewController.swift */,
				11EC209027BA845900FF048A /* LaunchScreen.storyboard */,
			);
			path = NavigationMain;
			sourceTree = "<group>";
		};
/* End PBXGroup section */

/* Begin PBXNativeTarget section */
		11EC208127BA845500FF048A /* NavigationMain */ = {
			isa = PBXNativeTarget;
			buildConfigurationList = 11EC209627BA845900FF048A /* Build configuration list for PBXNativeTarget "NavigationMain" */;
			buildPhases = (
				11EC207E27BA845500FF048A /* Sources */,
				11EC207F27BA845500FF048A /* Frameworks */,
				11EC208027BA845500FF048A /* Resources */,
			);
			buildRules = (
			);
			dependencies = (
			);
			name = NavigationMain;
			productName = NavigationMain;
			productReference = 11EC208227BA845500FF048A /* NavigationMain.app */;
			productType = "com.apple.product-type.application";
		};
/* End PBXNativeTarget section */

/* Begin PBXProject section */
		11EC207A27BA845500FF048A /* Project object */ = {
			isa = PBXProject;
			attributes = {
				BuildIndependentTargetsInParallel = 1;
				LastSwiftUpdateCheck = 1320;
				LastUpgradeCheck = 1320;
				TargetAttributes = {
					11EC208127BA845500FF048A = {
						CreatedOnToolsVersion = 13.2.1;
					};
				};
			};
			buildConfigurationList = 11EC207D27BA845500FF048A /* Build configuration list for PBXProject "NavigationMain" */;
			compatibilityVersion = "Xcode 13.0";
			developmentRegion = en;
			hasScannedForEncodings = 0;
			knownRegions = (
				en,
				Base,
			);
			mainGroup = 11EC207927BA845500FF048A;
			productRefGroup = 11EC208327BA845500FF048A /* Products */;
			projectDirPath = "";
			projectRoot = "";
			targets = (
				11EC208127BA845500FF048A /* NavigationMain */,
			);
		};
/* End PBXProject section */

/* Begin PBXResourcesBuildPhase section */
		11EC208027BA845500FF048A /* Resources */ = {
			isa = PBXResourcesBuildPhase;
			buildActionMask = 2147483647;
			files = (
				11EC209227BA845900FF048A /* LaunchScreen.storyboard in Resources */,
				11EC208F27BA845900FF048A /* Assets.xcassets in Resources */,
			);
			runOnlyForDeploymentPostprocessing = 0;
		};
/* End PBXResourcesBuildPhase section */

/* Begin PBXSourcesBuildPhase section */
		11EC207E27BA845500FF048A /* Sources */ = {
			isa = PBXSourcesBuildPhase;
			buildActionMask = 2147483647;
			files = (
				11EC208A27BA845500FF048A /* ViewController.swift in Sources */,
				11EC209A27BAB43100FF048A /* FeedViewController.swift in Sources */,
				11EC209C27BAB44100FF048A /* ProfileViewController.swift in Sources */,
				11EC208627BA845500FF048A /* AppDelegate.swift in Sources */,
				11624DBA27C2B55B00548048 /* ProfileHeaderView.swift in Sources */,
				11EC209F27BAC8F800FF048A /* PostViewController.swift in Sources */,
				11B06D5A27CD405C0087248B /* MainSettings.swift in Sources */,
				11624DB527BD794500548048 /* Post.swift in Sources */,
				11624DB727BD8A4300548048 /* InfoViewController.swift in Sources */,
				11B06D5827CC3DFC0087248B /* LogInViewController.swift in Sources */,
				11EC20C327BB0B6600FF048A /* SceneDelegate.swift in Sources */,
			);
			runOnlyForDeploymentPostprocessing = 0;
		};
/* End PBXSourcesBuildPhase section */

/* Begin PBXVariantGroup section */
		11EC209027BA845900FF048A /* LaunchScreen.storyboard */ = {
			isa = PBXVariantGroup;
			children = (
				11EC209127BA845900FF048A /* Base */,
			);
			name = LaunchScreen.storyboard;
			sourceTree = "<group>";
		};
/* End PBXVariantGroup section */

/* Begin XCBuildConfiguration section */
		11EC209427BA845900FF048A /* Debug */ = {
			isa = XCBuildConfiguration;
			buildSettings = {
				ALWAYS_SEARCH_USER_PATHS = NO;
				CLANG_ANALYZER_NONNULL = YES;
				CLANG_ANALYZER_NUMBER_OBJECT_CONVERSION = YES_AGGRESSIVE;
				CLANG_CXX_LANGUAGE_STANDARD = "gnu++17";
				CLANG_CXX_LIBRARY = "libc++";
				CLANG_ENABLE_MODULES = YES;
				CLANG_ENABLE_OBJC_ARC = YES;
				CLANG_ENABLE_OBJC_WEAK = YES;
				CLANG_WARN_BLOCK_CAPTURE_AUTORELEASING = YES;
				CLANG_WARN_BOOL_CONVERSION = YES;
				CLANG_WARN_COMMA = YES;
				CLANG_WARN_CONSTANT_CONVERSION = YES;
				CLANG_WARN_DEPRECATED_OBJC_IMPLEMENTATIONS = YES;
				CLANG_WARN_DIRECT_OBJC_ISA_USAGE = YES_ERROR;
				CLANG_WARN_DOCUMENTATION_COMMENTS = YES;
				CLANG_WARN_EMPTY_BODY = YES;
				CLANG_WARN_ENUM_CONVERSION = YES;
				CLANG_WARN_INFINITE_RECURSION = YES;
				CLANG_WARN_INT_CONVERSION = YES;
				CLANG_WARN_NON_LITERAL_NULL_CONVERSION = YES;
				CLANG_WARN_OBJC_IMPLICIT_RETAIN_SELF = YES;
				CLANG_WARN_OBJC_LITERAL_CONVERSION = YES;
				CLANG_WARN_OBJC_ROOT_CLASS = YES_ERROR;
				CLANG_WARN_QUOTED_INCLUDE_IN_FRAMEWORK_HEADER = YES;
				CLANG_WARN_RANGE_LOOP_ANALYSIS = YES;
				CLANG_WARN_STRICT_PROTOTYPES = YES;
				CLANG_WARN_SUSPICIOUS_MOVE = YES;
				CLANG_WARN_UNGUARDED_AVAILABILITY = YES_AGGRESSIVE;
				CLANG_WARN_UNREACHABLE_CODE = YES;
				CLANG_WARN__DUPLICATE_METHOD_MATCH = YES;
				COPY_PHASE_STRIP = NO;
				DEBUG_INFORMATION_FORMAT = dwarf;
				ENABLE_STRICT_OBJC_MSGSEND = YES;
				ENABLE_TESTABILITY = YES;
				GCC_C_LANGUAGE_STANDARD = gnu11;
				GCC_DYNAMIC_NO_PIC = NO;
				GCC_NO_COMMON_BLOCKS = YES;
				GCC_OPTIMIZATION_LEVEL = 0;
				GCC_PREPROCESSOR_DEFINITIONS = (
					"DEBUG=1",
					"$(inherited)",
				);
				GCC_WARN_64_TO_32_BIT_CONVERSION = YES;
				GCC_WARN_ABOUT_RETURN_TYPE = YES_ERROR;
				GCC_WARN_UNDECLARED_SELECTOR = YES;
				GCC_WARN_UNINITIALIZED_AUTOS = YES_AGGRESSIVE;
				GCC_WARN_UNUSED_FUNCTION = YES;
				GCC_WARN_UNUSED_VARIABLE = YES;
				IPHONEOS_DEPLOYMENT_TARGET = 15.2;
				MTL_ENABLE_DEBUG_INFO = INCLUDE_SOURCE;
				MTL_FAST_MATH = YES;
				ONLY_ACTIVE_ARCH = YES;
				SDKROOT = iphoneos;
				SWIFT_ACTIVE_COMPILATION_CONDITIONS = DEBUG;
				SWIFT_OPTIMIZATION_LEVEL = "-Onone";
			};
			name = Debug;
		};
		11EC209527BA845900FF048A /* Release */ = {
			isa = XCBuildConfiguration;
			buildSettings = {
				ALWAYS_SEARCH_USER_PATHS = NO;
				CLANG_ANALYZER_NONNULL = YES;
				CLANG_ANALYZER_NUMBER_OBJECT_CONVERSION = YES_AGGRESSIVE;
				CLANG_CXX_LANGUAGE_STANDARD = "gnu++17";
				CLANG_CXX_LIBRARY = "libc++";
				CLANG_ENABLE_MODULES = YES;
				CLANG_ENABLE_OBJC_ARC = YES;
				CLANG_ENABLE_OBJC_WEAK = YES;
				CLANG_WARN_BLOCK_CAPTURE_AUTORELEASING = YES;
				CLANG_WARN_BOOL_CONVERSION = YES;
				CLANG_WARN_COMMA = YES;
				CLANG_WARN_CONSTANT_CONVERSION = YES;
				CLANG_WARN_DEPRECATED_OBJC_IMPLEMENTATIONS = YES;
				CLANG_WARN_DIRECT_OBJC_ISA_USAGE = YES_ERROR;
				CLANG_WARN_DOCUMENTATION_COMMENTS = YES;
				CLANG_WARN_EMPTY_BODY = YES;
				CLANG_WARN_ENUM_CONVERSION = YES;
				CLANG_WARN_INFINITE_RECURSION = YES;
				CLANG_WARN_INT_CONVERSION = YES;
				CLANG_WARN_NON_LITERAL_NULL_CONVERSION = YES;
				CLANG_WARN_OBJC_IMPLICIT_RETAIN_SELF = YES;
				CLANG_WARN_OBJC_LITERAL_CONVERSION = YES;
				CLANG_WARN_OBJC_ROOT_CLASS = YES_ERROR;
				CLANG_WARN_QUOTED_INCLUDE_IN_FRAMEWORK_HEADER = YES;
				CLANG_WARN_RANGE_LOOP_ANALYSIS = YES;
				CLANG_WARN_STRICT_PROTOTYPES = YES;
				CLANG_WARN_SUSPICIOUS_MOVE = YES;
				CLANG_WARN_UNGUARDED_AVAILABILITY = YES_AGGRESSIVE;
				CLANG_WARN_UNREACHABLE_CODE = YES;
				CLANG_WARN__DUPLICATE_METHOD_MATCH = YES;
				COPY_PHASE_STRIP = NO;
				DEBUG_INFORMATION_FORMAT = "dwarf-with-dsym";
				ENABLE_NS_ASSERTIONS = NO;
				ENABLE_STRICT_OBJC_MSGSEND = YES;
				GCC_C_LANGUAGE_STANDARD = gnu11;
				GCC_NO_COMMON_BLOCKS = YES;
				GCC_WARN_64_TO_32_BIT_CONVERSION = YES;
				GCC_WARN_ABOUT_RETURN_TYPE = YES_ERROR;
				GCC_WARN_UNDECLARED_SELECTOR = YES;
				GCC_WARN_UNINITIALIZED_AUTOS = YES_AGGRESSIVE;
				GCC_WARN_UNUSED_FUNCTION = YES;
				GCC_WARN_UNUSED_VARIABLE = YES;
				IPHONEOS_DEPLOYMENT_TARGET = 15.2;
				MTL_ENABLE_DEBUG_INFO = NO;
				MTL_FAST_MATH = YES;
				SDKROOT = iphoneos;
				SWIFT_COMPILATION_MODE = wholemodule;
				SWIFT_OPTIMIZATION_LEVEL = "-O";
				VALIDATE_PRODUCT = YES;
			};
			name = Release;
		};
		11EC209727BA845900FF048A /* Debug */ = {
			isa = XCBuildConfiguration;
			buildSettings = {
				ASSETCATALOG_COMPILER_APPICON_NAME = AppIcon;
				ASSETCATALOG_COMPILER_GLOBAL_ACCENT_COLOR_NAME = AccentColor;
				CODE_SIGN_STYLE = Automatic;
				CURRENT_PROJECT_VERSION = 1;
				GENERATE_INFOPLIST_FILE = YES;
				INFOPLIST_FILE = NavigationMain/Info.plist;
				INFOPLIST_KEY_CFBundleDisplayName = NavifationMain;
				INFOPLIST_KEY_UIApplicationSupportsIndirectInputEvents = YES;
				INFOPLIST_KEY_UILaunchStoryboardName = LaunchScreen;
				INFOPLIST_KEY_UISupportedInterfaceOrientations_iPad = "UIInterfaceOrientationPortrait UIInterfaceOrientationPortraitUpsideDown UIInterfaceOrientationLandscapeLeft UIInterfaceOrientationLandscapeRight";
				INFOPLIST_KEY_UISupportedInterfaceOrientations_iPhone = "UIInterfaceOrientationPortrait UIInterfaceOrientationLandscapeLeft UIInterfaceOrientationLandscapeRight";
				IPHONEOS_DEPLOYMENT_TARGET = 15.2;
				LD_RUNPATH_SEARCH_PATHS = (
					"$(inherited)",
					"@executable_path/Frameworks",
				);
				MARKETING_VERSION = 1.0;
				PRODUCT_BUNDLE_IDENTIFIER = com.iOS18.NavigationMain;
				PRODUCT_NAME = "$(TARGET_NAME)";
				SWIFT_EMIT_LOC_STRINGS = YES;
				SWIFT_VERSION = 5.0;
				TARGETED_DEVICE_FAMILY = 1;
			};
			name = Debug;
		};
		11EC209827BA845900FF048A /* Release */ = {
			isa = XCBuildConfiguration;
			buildSettings = {
				ASSETCATALOG_COMPILER_APPICON_NAME = AppIcon;
				ASSETCATALOG_COMPILER_GLOBAL_ACCENT_COLOR_NAME = AccentColor;
				CODE_SIGN_STYLE = Automatic;
				CURRENT_PROJECT_VERSION = 1;
				GENERATE_INFOPLIST_FILE = YES;
				INFOPLIST_FILE = NavigationMain/Info.plist;
				INFOPLIST_KEY_CFBundleDisplayName = NavifationMain;
				INFOPLIST_KEY_UIApplicationSupportsIndirectInputEvents = YES;
				INFOPLIST_KEY_UILaunchStoryboardName = LaunchScreen;
				INFOPLIST_KEY_UISupportedInterfaceOrientations_iPad = "UIInterfaceOrientationPortrait UIInterfaceOrientationPortraitUpsideDown UIInterfaceOrientationLandscapeLeft UIInterfaceOrientationLandscapeRight";
				INFOPLIST_KEY_UISupportedInterfaceOrientations_iPhone = "UIInterfaceOrientationPortrait UIInterfaceOrientationLandscapeLeft UIInterfaceOrientationLandscapeRight";
				IPHONEOS_DEPLOYMENT_TARGET = 15.2;
				LD_RUNPATH_SEARCH_PATHS = (
					"$(inherited)",
					"@executable_path/Frameworks",
				);
				MARKETING_VERSION = 1.0;
				PRODUCT_BUNDLE_IDENTIFIER = com.iOS18.NavigationMain;
				PRODUCT_NAME = "$(TARGET_NAME)";
				SWIFT_EMIT_LOC_STRINGS = YES;
				SWIFT_VERSION = 5.0;
				TARGETED_DEVICE_FAMILY = 1;
			};
			name = Release;
		};
/* End XCBuildConfiguration section */

/* Begin XCConfigurationList section */
		11EC207D27BA845500FF048A /* Build configuration list for PBXProject "NavigationMain" */ = {
			isa = XCConfigurationList;
			buildConfigurations = (
				11EC209427BA845900FF048A /* Debug */,
				11EC209527BA845900FF048A /* Release */,
			);
			defaultConfigurationIsVisible = 0;
			defaultConfigurationName = Release;
		};
		11EC209627BA845900FF048A /* Build configuration list for PBXNativeTarget "NavigationMain" */ = {
			isa = XCConfigurationList;
			buildConfigurations = (
				11EC209727BA845900FF048A /* Debug */,
				11EC209827BA845900FF048A /* Release */,
			);
			defaultConfigurationIsVisible = 0;
			defaultConfigurationName = Release;
		};
/* End XCConfigurationList section */
	};
	rootObject = 11EC207A27BA845500FF048A /* Project object */;
}
